<?xml version="1.0" encoding="utf-8"?>
<Project ToolsVersion="4.0" xmlns="http://schemas.microsoft.com/developer/msbuild/2003">
  <ItemGroup>
    <Filter Include="win32">
      <UniqueIdentifier>{84a8ebd7-7cf0-47f6-b75e-d441df67da40}</UniqueIdentifier>
    </Filter>
    <Filter Include="src">
      <UniqueIdentifier>{bb6c862e-70e9-49d9-81b7-3829a6f50471}</UniqueIdentifier>
    </Filter>
    <Filter Include="src\ChooseLevel">
      <UniqueIdentifier>{e46a3a47-86ac-4fb8-a9bb-d6b664ec4884}</UniqueIdentifier>
    </Filter>
    <Filter Include="src\EnterScene">
      <UniqueIdentifier>{136dbe6c-1d10-47bc-a391-f08195b32e61}</UniqueIdentifier>
    </Filter>
    <Filter Include="src\GameMap">
      <UniqueIdentifier>{497a2a63-d4d4-4c1c-a76b-64aa3eaa9211}</UniqueIdentifier>
    </Filter>
    <Filter Include="Carrot">
      <UniqueIdentifier>{458ca448-20f3-48c8-901d-e2d8c55bc28a}</UniqueIdentifier>
    </Filter>
    <Filter Include="Monster">
      <UniqueIdentifier>{fa572db1-5bdc-41bd-96cc-e57277453744}</UniqueIdentifier>
    </Filter>
    <Filter Include="Bullet">
      <UniqueIdentifier>{7074d182-62be-40cc-ba4d-6521ee159301}</UniqueIdentifier>
    </Filter>
    <Filter Include="Bullet\BaseBullet">
      <UniqueIdentifier>{3fb0ada3-e893-4ff0-a578-85ffa93025c1}</UniqueIdentifier>
    </Filter>
    <Filter Include="Bullet\BottleTowerBullet">
      <UniqueIdentifier>{f111ab5c-27ad-4afe-94dd-cb9cf9a33889}</UniqueIdentifier>
    </Filter>
    <Filter Include="resource">
      <UniqueIdentifier>{715254bc-d70b-4ec5-bf29-467dd3ace079}</UniqueIdentifier>
    </Filter>
    <Filter Include="Bullet\SunFlower">
      <UniqueIdentifier>{c41bcb31-c153-4ddd-95f2-aa5bc84a8db0}</UniqueIdentifier>
    </Filter>
    <Filter Include="Bullet\Shit">
      <UniqueIdentifier>{b6ef702b-2567-448c-8870-6d879917959b}</UniqueIdentifier>
    </Filter>
  </ItemGroup>
  <ItemGroup>
    <ClCompile Include="main.cpp">
      <Filter>win32</Filter>
    </ClCompile>
    <ClCompile Include="..\Classes\AppDelegate.cpp">
      <Filter>src</Filter>
    </ClCompile>
    <ClCompile Include="..\Classes\HelloWorldScene.cpp">
      <Filter>src</Filter>
    </ClCompile>
    <ClCompile Include="MainScene.cpp">
      <Filter>src</Filter>
    </ClCompile>
    <ClCompile Include="ChooseLevel.cpp">
      <Filter>src\ChooseLevel</Filter>
    </ClCompile>
    <ClCompile Include="EnterScene.cpp">
      <Filter>src\EnterScene</Filter>
    </ClCompile>
    <ClCompile Include="GameMap.cpp">
      <Filter>src\GameMap</Filter>
    </ClCompile>
    <ClCompile Include="..\Classes\Monster\My_monster.cpp">
      <Filter>Monster</Filter>
    </ClCompile>
    <ClCompile Include="..\Classes\BulletClasses\Bullet.cpp">
      <Filter>Bullet\BaseBullet</Filter>
    </ClCompile>
    <ClCompile Include="..\Classes\BulletClasses\BottleTowerBullet.cpp">
      <Filter>Bullet\BottleTowerBullet</Filter>
    </ClCompile>
    <ClCompile Include="..\Classes\Carrot.cpp">
      <Filter>Carrot</Filter>
    </ClCompile>
    <ClCompile Include="..\Classes\BulletClasses\SunFlowerBullet.cpp">
      <Filter>Bullet\SunFlower</Filter>
    </ClCompile>
    <ClCompile Include="..\Classes\BulletClasses\shit.cpp">
      <Filter>Bullet\Shit</Filter>
    </ClCompile>
  </ItemGroup>
  <ItemGroup>
    <ClInclude Include="main.h">
      <Filter>win32</Filter>
    </ClInclude>
    <ClInclude Include="..\Classes\AppDelegate.h">
      <Filter>src</Filter>
    </ClInclude>
    <ClInclude Include="..\Classes\HelloWorldScene.h">
      <Filter>src</Filter>
    </ClInclude>
    <ClInclude Include="MainScene.h">
      <Filter>src</Filter>
    </ClInclude>
    <ClInclude Include="ChooseLevel.h">
      <Filter>src\ChooseLevel</Filter>
    </ClInclude>
    <ClInclude Include="EnterScene.h">
      <Filter>src\EnterScene</Filter>
    </ClInclude>
    <ClInclude Include="resource.h">
      <Filter>src</Filter>
    </ClInclude>
    <ClInclude Include="..\Classes\Way.h">
      <Filter>Monster</Filter>
    </ClInclude>
    <ClInclude Include="GameMap.h">
      <Filter>src\GameMap</Filter>
    </ClInclude>
    <ClInclude Include="..\Classes\Monster\My_monster.h">
      <Filter>Monster</Filter>
    </ClInclude>
    <ClInclude Include="..\Classes\BulletClasses\Bullet.h">
      <Filter>Bullet\BaseBullet</Filter>
    </ClInclude>
    <ClInclude Include="..\Classes\BulletClasses\BottleTowerBullet.h">
      <Filter>Bullet\BottleTowerBullet</Filter>
    </ClInclude>
    <ClInclude Include="..\Classes\Carrot.h">
      <Filter>Carrot</Filter>
    </ClInclude>
    <ClInclude Include="..\Classes\BulletClasses\SunFlowerBullet.h">
      <Filter>Bullet\SunFlower</Filter>
    </ClInclude>
    <ClInclude Include="..\Classes\BulletClasses\shit.h">
      <Filter>Bullet\Shit</Filter>
    </ClInclude>
  </ItemGroup>
  <ItemGroup>
    <ResourceCompile Include="game.rc">
      <Filter>resource</Filter>
    </ResourceCompile>
  </ItemGroup>
</Project>